Microsoft Visual Studio Solution File, Format Version 12.00
# Visual Studio Version 17
VisualStudioVersion = 17.5.2.0
MinimumVisualStudioVersion = 10.0.40219.1
Project("{FAE04EC0-301F-11D3-BF4B-00C04F79EFBC}") = "IglesiaBackend", "IglesiaBackend.csproj", "{170AE36D-16C4-4298-6CFA-3B39697C3E59}"
EndProject
Global
	GlobalSection(SolutionConfigurationPlatforms) = preSolution
		Debug|Any CPU = Debug|Any CPU
		Release|Any CPU = Release|Any CPU
	EndGlobalSection
	GlobalSection(ProjectConfigurationPlatforms) = postSolution
		{170AE36D-16C4-4298-6CFA-3B39697C3E59}.Debug|Any CPU.ActiveCfg = Debug|Any CPU
		{170AE36D-16C4-4298-6CFA-3B39697C3E59}.Debug|Any CPU.Build.0 = Debug|Any CPU
		{170AE36D-16C4-4298-6CFA-3B39697C3E59}.Release|Any CPU.ActiveCfg = Release|Any CPU
		{170AE36D-16C4-4298-6CFA-3B39697C3E59}.Release|Any CPU.Build.0 = Release|Any CPU
	EndGlobalSection
	GlobalSection(SolutionProperties) = preSolution
		HideSolutionNode = FALSE
	EndGlobalSection
	GlobalSection(ExtensibilityGlobals) = postSolution
		SolutionGuid = {AB03788B-99E6-4888-87B5-4DCD031C5F8C}
	EndGlobalSection
EndGlobal
